
Microsoft Visual Studio Solution File, Format Version 12.00
# Visual Studio Version 16
VisualStudioVersion = 16.0.29001.49
MinimumVisualStudioVersion = 10.0.40219.1
Project("{FAE04EC0-301F-11D3-BF4B-00C04F79EFBC}") = "PictureViewer", "PictureViewer.csproj", "{03BD7FD1-10A1-4144-B8A2-2556B31DB604}"
EndProject
Global
	GlobalSection(SolutionConfigurationPlatforms) = preSolution
		Debug|Any CPU = Debug|Any CPU
		Release|Any CPU = Release|Any CPU
	EndGlobalSection
	GlobalSection(ProjectConfigurationPlatforms) = postSolution
		{03BD7FD1-10A1-4144-B8A2-2556B31DB604}.Debug|Any CPU.ActiveCfg = Debug|Any CPU
		{03BD7FD1-10A1-4144-B8A2-2556B31DB604}.Debug|Any CPU.Build.0 = Debug|Any CPU
		{03BD7FD1-10A1-4144-B8A2-2556B31DB604}.Release|Any CPU.ActiveCfg = Release|Any CPU
		{03BD7FD1-10A1-4144-B8A2-2556B31DB604}.Release|Any CPU.Build.0 = Release|Any CPU
	EndGlobalSection
	GlobalSection(SolutionProperties) = preSolution
		HideSolutionNode = FALSE
	EndGlobalSection
	GlobalSection(ExtensibilityGlobals) = postSolution
		SolutionGuid = {6396B82C-7AB1-4A26-9C04-E37A177ABB42}
	EndGlobalSection
EndGlobal
